{
  "name": "perchance-org-language-support-for-vscode",
  "version": "1.0.0",
  "lockfileVersion": 3,
  "requires": true,
  "packages": {
    "": {
      "name": "perchance-org-language-support-for-vscode",
      "version": "1.0.0",
      "license": "MIT",
      "engines": {
        "vscode": "^1.109.0"
      }
    }
  }
}
